
Microsoft Visual Studio Solution File, Format Version 12.00
Project("{FAE04EC0-301F-11D3-BF4B-00C04F79EFBC}") = "PersonalSite.Api", "PersonalSite.Api\PersonalSite.Api.csproj", "{8860C6D0-2DA4-498F-8EE4-DE02ACF8364E}"
EndProject
Project("{2150E333-8FDC-42A3-9474-1A3956D46DE8}") = "SolutionItems", "SolutionItems", "{E3813879-E7B9-4620-BFCA-0E97DEDBD841}"
	ProjectSection(SolutionItems) = preProject
		..\README.md = ..\README.md
		..\.gitignore = ..\.gitignore
	EndProjectSection
EndProject
Global
	GlobalSection(SolutionConfigurationPlatforms) = preSolution
		Debug|Any CPU = Debug|Any CPU
		Release|Any CPU = Release|Any CPU
	EndGlobalSection
	GlobalSection(ProjectConfigurationPlatforms) = postSolution
		{8860C6D0-2DA4-498F-8EE4-DE02ACF8364E}.Debug|Any CPU.ActiveCfg = Debug|Any CPU
		{8860C6D0-2DA4-498F-8EE4-DE02ACF8364E}.Debug|Any CPU.Build.0 = Debug|Any CPU
		{8860C6D0-2DA4-498F-8EE4-DE02ACF8364E}.Release|Any CPU.ActiveCfg = Release|Any CPU
		{8860C6D0-2DA4-498F-8EE4-DE02ACF8364E}.Release|Any CPU.Build.0 = Release|Any CPU
	EndGlobalSection
EndGlobal
